lockfileVersion: '9.0'

settings:
  autoInstallPeers: true
  excludeLinksFromLockfile: false

importers:

  .:
    devDependencies:
      '@napi-rs/cli':
        specifier: ^3.2.0
        version: 3.4.1(@emnapi/runtime@1.6.0)

packages:

  '@emnapi/core@1.6.0':
    resolution: {integrity: sha512-zq/ay+9fNIJJtJiZxdTnXS20PllcYMX3OE23ESc4HK/bdYu3cOWYVhsOhVnXALfU/uqJIxn5NBPd9z4v+SfoSg==}

  '@emnapi/runtime@1.6.0':
    resolution: {integrity: sha512-obtUmAHTMjll499P+D9A3axeJFlhdjOWdKUNs/U6QIGT7V5RjcUW1xToAzjvmgTSQhDbYn/NwfTRoJcQ2rNBxA==}

  '@emnapi/wasi-threads@1.1.0':
    resolution: {integrity: sha512-WI0DdZ8xFSbgMjR1sFsKABJ/C5OnRrjT06JXbZKexJGrDuPTzZdDYfFlsgcCXCyf+suG5QU2e/y1Wo2V/OapLQ==}

  '@inquirer/ansi@1.0.1':
    resolution: {integrity: sha512-yqq0aJW/5XPhi5xOAL1xRCpe1eh8UFVgYFpFsjEqmIR8rKLyP+HINvFXwUaxYICflJrVlxnp7lLN6As735kVpw==}
    engines: {node: '>=18'}

  '@inquirer/checkbox@4.3.0':
    resolution: {integrity: sha512-5+Q3PKH35YsnoPTh75LucALdAxom6xh5D1oeY561x4cqBuH24ZFVyFREPe14xgnrtmGu3EEt1dIi60wRVSnGCw==}
    engines: {node: '>=18'}
    peerDependencies:
      '@types/node': '>=18'
    peerDependenciesMeta:
      '@types/node':
        optional: true

  '@inquirer/confirm@5.1.19':
    resolution: {integrity: sha512-wQNz9cfcxrtEnUyG5PndC8g3gZ7lGDBzmWiXZkX8ot3vfZ+/BLjR8EvyGX4YzQLeVqtAlY/YScZpW7CW8qMoDQ==}
    engines: {node: '>=18'}
    peerDependencies:
      '@types/node': '>=18'
    peerDependenciesMeta:
      '@types/node':
        optional: true

  '@inquirer/core@10.3.0':
    resolution: {integrity: sha512-Uv2aPPPSK5jeCplQmQ9xadnFx2Zhj9b5Dj7bU6ZeCdDNNY11nhYy4btcSdtDguHqCT2h5oNeQTcUNSGGLA7NTA==}
    engines: {node: '>=18'}
    peerDependencies:
      '@types/node': '>=18'
    peerDependenciesMeta:
      '@types/node':
        optional: true

  '@inquirer/editor@4.2.21':
    resolution: {integrity: sha512-MjtjOGjr0Kh4BciaFShYpZ1s9400idOdvQ5D7u7lE6VztPFoyLcVNE5dXBmEEIQq5zi4B9h2kU+q7AVBxJMAkQ==}
    engines: {node: '>=18'}
    peerDependencies:
      '@types/node': '>=18'
    peerDependenciesMeta:
      '@types/node':
        optional: true

  '@inquirer/expand@4.0.21':
    resolution: {integrity: sha512-+mScLhIcbPFmuvU3tAGBed78XvYHSvCl6dBiYMlzCLhpr0bzGzd8tfivMMeqND6XZiaZ1tgusbUHJEfc6YzOdA==}
    engines: {node: '>=18'}
    peerDependencies:
      '@types/node': '>=18'
    peerDependenciesMeta:
      '@types/node':
        optional: true

  '@inquirer/external-editor@1.0.2':
    resolution: {integrity: sha512-yy9cOoBnx58TlsPrIxauKIFQTiyH+0MK4e97y4sV9ERbI+zDxw7i2hxHLCIEGIE/8PPvDxGhgzIOTSOWcs6/MQ==}
    engines: {node: '>=18'}
    peerDependencies:
      '@types/node': '>=18'
    peerDependenciesMeta:
      '@types/node':
        optional: true

  '@inquirer/figures@1.0.14':
    resolution: {integrity: sha512-DbFgdt+9/OZYFM+19dbpXOSeAstPy884FPy1KjDu4anWwymZeOYhMY1mdFri172htv6mvc/uvIAAi7b7tvjJBQ==}
    engines: {node: '>=18'}

  '@inquirer/input@4.2.5':
    resolution: {integrity: sha512-7GoWev7P6s7t0oJbenH0eQ0ThNdDJbEAEtVt9vsrYZ9FulIokvd823yLyhQlWHJPGce1wzP53ttfdCZmonMHyA==}
    engines: {node: '>=18'}
    peerDependencies:
      '@types/node': '>=18'
    peerDependenciesMeta:
      '@types/node':
        optional: true

  '@inquirer/number@3.0.21':
    resolution: {integrity: sha512-5QWs0KGaNMlhbdhOSCFfKsW+/dcAVC2g4wT/z2MCiZM47uLgatC5N20kpkDQf7dHx+XFct/MJvvNGy6aYJn4Pw==}
    engines: {node: '>=18'}
    peerDependencies:
      '@types/node': '>=18'
    peerDependenciesMeta:
      '@types/node':
        optional: true

  '@inquirer/password@4.0.21':
    resolution: {integrity: sha512-xxeW1V5SbNFNig2pLfetsDb0svWlKuhmr7MPJZMYuDnCTkpVBI+X/doudg4pznc1/U+yYmWFFOi4hNvGgUo7EA==}
    engines: {node: '>=18'}
    peerDependencies:
      '@types/node': '>=18'
    peerDependenciesMeta:
      '@types/node':
        optional: true

  '@inquirer/prompts@7.9.0':
    resolution: {integrity: sha512-X7/+dG9SLpSzRkwgG5/xiIzW0oMrV3C0HOa7YHG1WnrLK+vCQHfte4k/T80059YBdei29RBC3s+pSMvPJDU9/A==}
    engines: {node: '>=18'}
    peerDependencies:
      '@types/node': '>=18'
    peerDependenciesMeta:
      '@types/node':
        optional: true

  '@inquirer/rawlist@4.1.9':
    resolution: {integrity: sha512-AWpxB7MuJrRiSfTKGJ7Y68imYt8P9N3Gaa7ySdkFj1iWjr6WfbGAhdZvw/UnhFXTHITJzxGUI9k8IX7akAEBCg==}
    engines: {node: '>=18'}
    peerDependencies:
      '@types/node': '>=18'
    peerDependenciesMeta:
      '@types/node':
        optional: true

  '@inquirer/search@3.2.0':
    resolution: {integrity: sha512-a5SzB/qrXafDX1Z4AZW3CsVoiNxcIYCzYP7r9RzrfMpaLpB+yWi5U8BWagZyLmwR0pKbbL5umnGRd0RzGVI8bQ==}
    engines: {node: '>=18'}
    peerDependencies:
      '@types/node': '>=18'
    peerDependenciesMeta:
      '@types/node':
        optional: true

  '@inquirer/select@4.4.0':
    resolution: {integrity: sha512-kaC3FHsJZvVyIjYBs5Ih8y8Bj4P/QItQWrZW22WJax7zTN+ZPXVGuOM55vzbdCP9zKUiBd9iEJVdesujfF+cAA==}
    engines: {node: '>=18'}
    peerDependencies:
      '@types/node': '>=18'
    peerDependenciesMeta:
      '@types/node':
        optional: true

  '@inquirer/type@3.0.9':
    resolution: {integrity: sha512-QPaNt/nmE2bLGQa9b7wwyRJoLZ7pN6rcyXvzU0YCmivmJyq1BVo94G98tStRWkoD1RgDX5C+dPlhhHzNdu/W/w==}
    engines: {node: '>=18'}
    peerDependencies:
      '@types/node': '>=18'
    peerDependenciesMeta:
      '@types/node':
        optional: true

  '@napi-rs/cli@3.4.1':
    resolution: {integrity: sha512-ayhm+NfrP5Hmh7vy5pfyYm/ktYtLh2PrgdLuqHTAubO7RoO2JkUE4F991AtgYxNewwXI8+guZLxU8itV7QnDrQ==}
    engines: {node: '>= 16'}
    hasBin: true
    peerDependencies:
      '@emnapi/runtime': ^1.5.0
    peerDependenciesMeta:
      '@emnapi/runtime':
        optional: true

  '@napi-rs/cross-toolchain@1.0.3':
    resolution: {integrity: sha512-ENPfLe4937bsKVTDA6zdABx4pq9w0tHqRrJHyaGxgaPq03a2Bd1unD5XSKjXJjebsABJ+MjAv1A2OvCgK9yehg==}
    peerDependencies:
      '@napi-rs/cross-toolchain-arm64-target-aarch64': ^1.0.3
      '@napi-rs/cross-toolchain-arm64-target-armv7': ^1.0.3
      '@napi-rs/cross-toolchain-arm64-target-ppc64le': ^1.0.3
      '@napi-rs/cross-toolchain-arm64-target-s390x': ^1.0.3
      '@napi-rs/cross-toolchain-arm64-target-x86_64': ^1.0.3
      '@napi-rs/cross-toolchain-x64-target-aarch64': ^1.0.3
      '@napi-rs/cross-toolchain-x64-target-armv7': ^1.0.3
      '@napi-rs/cross-toolchain-x64-target-ppc64le': ^1.0.3
      '@napi-rs/cross-toolchain-x64-target-s390x': ^1.0.3
      '@napi-rs/cross-toolchain-x64-target-x86_64': ^1.0.3
    peerDependenciesMeta:
      '@napi-rs/cross-toolchain-arm64-target-aarch64':
        optional: true
      '@napi-rs/cross-toolchain-arm64-target-armv7':
        optional: true
      '@napi-rs/cross-toolchain-arm64-target-ppc64le':
        optional: true
      '@napi-rs/cross-toolchain-arm64-target-s390x':
        optional: true
      '@napi-rs/cross-toolchain-arm64-target-x86_64':
        optional: true
      '@napi-rs/cross-toolchain-x64-target-aarch64':
        optional: true
      '@napi-rs/cross-toolchain-x64-target-armv7':
        optional: true
      '@napi-rs/cross-toolchain-x64-target-ppc64le':
        optional: true
      '@napi-rs/cross-toolchain-x64-target-s390x':
        optional: true
      '@napi-rs/cross-toolchain-x64-target-x86_64':
        optional: true

  '@napi-rs/lzma-android-arm-eabi@1.4.5':
    resolution: {integrity: sha512-Up4gpyw2SacmyKWWEib06GhiDdF+H+CCU0LAV8pnM4aJIDqKKd5LHSlBht83Jut6frkB0vwEPmAkv4NjQ5u//Q==}
    engines: {node: '>= 10'}
    cpu: [arm]
    os: [android]

  '@napi-rs/lzma-android-arm64@1.4.5':
    resolution: {integrity: sha512-uwa8sLlWEzkAM0MWyoZJg0JTD3BkPknvejAFG2acUA1raXM8jLrqujWCdOStisXhqQjZ2nDMp3FV6cs//zjfuQ==}
    engines: {node: '>= 10'}
    cpu: [arm64]
    os: [android]

  '@napi-rs/lzma-darwin-arm64@1.4.5':
    resolution: {integrity: sha512-0Y0TQLQ2xAjVabrMDem1NhIssOZzF/y/dqetc6OT8mD3xMTDtF8u5BqZoX3MyPc9FzpsZw4ksol+w7DsxHrpMA==}
    engines: {node: '>= 10'}
    cpu: [arm64]
    os: [darwin]

  '@napi-rs/lzma-darwin-x64@1.4.5':
    resolution: {integrity: sha512-vR2IUyJY3En+V1wJkwmbGWcYiT8pHloTAWdW4pG24+51GIq+intst6Uf6D/r46citObGZrlX0QvMarOkQeHWpw==}
    engines: {node: '>= 10'}
    cpu: [x64]
    os: [darwin]

  '@napi-rs/lzma-freebsd-x64@1.4.5':
    resolution: {integrity: sha512-XpnYQC5SVovO35tF0xGkbHYjsS6kqyNCjuaLQ2dbEblFRr5cAZVvsJ/9h7zj/5FluJPJRDojVNxGyRhTp4z2lw==}
    engines: {node: '>= 10'}
    cpu: [x64]
    os: [freebsd]

  '@napi-rs/lzma-linux-arm-gnueabihf@1.4.5':
    resolution: {integrity: sha512-ic1ZZMoRfRMwtSwxkyw4zIlbDZGC6davC9r+2oX6x9QiF247BRqqT94qGeL5ZP4Vtz0Hyy7TEViWhx5j6Bpzvw==}
    engines: {node: '>= 10'}
    cpu: [arm]
    os: [linux]

  '@napi-rs/lzma-linux-arm64-gnu@1.4.5':
    resolution: {integrity: sha512-asEp7FPd7C1Yi6DQb45a3KPHKOFBSfGuJWXcAd4/bL2Fjetb2n/KK2z14yfW8YC/Fv6x3rBM0VAZKmJuz4tysg==}
    engines: {node: '>= 10'}
    cpu: [arm64]
    os: [linux]

  '@napi-rs/lzma-linux-arm64-musl@1.4.5':
    resolution: {integrity: sha512-yWjcPDgJ2nIL3KNvi4536dlT/CcCWO0DUyEOlBs/SacG7BeD6IjGh6yYzd3/X1Y3JItCbZoDoLUH8iB1lTXo3w==}
    engines: {node: '>= 10'}
    cpu: [arm64]
    os: [linux]

  '@napi-rs/lzma-linux-ppc64-gnu@1.4.5':
    resolution: {integrity: sha512-0XRhKuIU/9ZjT4WDIG/qnX7Xz7mSQHYZo9Gb3MP2gcvBgr6BA4zywQ9k3gmQaPn9ECE+CZg2V7DV7kT+x2pUMQ==}
    engines: {node: '>= 10'}
    cpu: [ppc64]
    os: [linux]

  '@napi-rs/lzma-linux-riscv64-gnu@1.4.5':
    resolution: {integrity: sha512-QrqDIPEUUB23GCpyQj/QFyMlr8SGxxyExeZz9OWFnHfb70kXdTLWrHS/hEI1Ru+lSbQ/6xRqeoGyQ4Aqdg+/RA==}
    engines: {node: '>= 10'}
    cpu: [riscv64]
    os: [linux]

  '@napi-rs/lzma-linux-s390x-gnu@1.4.5':
    resolution: {integrity: sha512-k8RVM5aMhW86E9H0QXdquwojew4H3SwPxbRVbl49/COJQWCUjGi79X6mYruMnMPEznZinUiT1jgKbFo2A00NdA==}
    engines: {node: '>= 10'}
    cpu: [s390x]
    os: [linux]

  '@napi-rs/lzma-linux-x64-gnu@1.4.5':
    resolution: {integrity: sha512-6rMtBgnIq2Wcl1rQdZsnM+rtCcVCbws1nF8S2NzaUsVaZv8bjrPiAa0lwg4Eqnn1d9lgwqT+cZgm5m+//K08Kw==}
    engines: {node: '>= 10'}
    cpu: [x64]
    os: [linux]

  '@napi-rs/lzma-linux-x64-musl@1.4.5':
    resolution: {integrity: sha512-eiadGBKi7Vd0bCArBUOO/qqRYPHt/VQVvGyYvDFt6C2ZSIjlD+HuOl+2oS1sjf4CFjK4eDIog6EdXnL0NE6iyQ==}
    engines: {node: '>= 10'}
    cpu: [x64]
    os: [linux]

  '@napi-rs/lzma-wasm32-wasi@1.4.5':
    resolution: {integrity: sha512-+VyHHlr68dvey6fXc2hehw9gHVFIW3TtGF1XkcbAu65qVXsA9D/T+uuoRVqhE+JCyFHFrO0ixRbZDRK1XJt1sA==}
    engines: {node: '>=14.0.0'}
    cpu: [wasm32]

  '@napi-rs/lzma-win32-arm64-msvc@1.4.5':
    resolution: {integrity: sha512-eewnqvIyyhHi3KaZtBOJXohLvwwN27gfS2G/YDWdfHlbz1jrmfeHAmzMsP5qv8vGB+T80TMHNkro4kYjeh6Deg==}
    engines: {node: '>= 10'}
    cpu: [arm64]
    os: [win32]

  '@napi-rs/lzma-win32-ia32-msvc@1.4.5':
    resolution: {integrity: sha512-OeacFVRCJOKNU/a0ephUfYZ2Yt+NvaHze/4TgOwJ0J0P4P7X1mHzN+ig9Iyd74aQDXYqc7kaCXA2dpAOcH87Cg==}
    engines: {node: '>= 10'}
    cpu: [ia32]
    os: [win32]

  '@napi-rs/lzma-win32-x64-msvc@1.4.5':
    resolution: {integrity: sha512-T4I1SamdSmtyZgDXGAGP+y5LEK5vxHUFwe8mz6D4R7Sa5/WCxTcCIgPJ9BD7RkpO17lzhlaM2vmVvMy96Lvk9Q==}
    engines: {node: '>= 10'}
    cpu: [x64]
    os: [win32]

  '@napi-rs/lzma@1.4.5':
    resolution: {integrity: sha512-zS5LuN1OBPAyZpda2ZZgYOEDC+xecUdAGnrvbYzjnLXkrq/OBC3B9qcRvlxbDR3k5H/gVfvef1/jyUqPknqjbg==}
    engines: {node: '>= 10'}

  '@napi-rs/tar-android-arm-eabi@1.1.0':
    resolution: {integrity: sha512-h2Ryndraj/YiKgMV/r5by1cDusluYIRT0CaE0/PekQ4u+Wpy2iUVqvzVU98ZPnhXaNeYxEvVJHNGafpOfaD0TA==}
    engines: {node: '>= 10'}
    cpu: [arm]
    os: [android]

  '@napi-rs/tar-android-arm64@1.1.0':
    resolution: {integrity: sha512-DJFyQHr1ZxNZorm/gzc1qBNLF/FcKzcH0V0Vwan5P+o0aE2keQIGEjJ09FudkF9v6uOuJjHCVDdK6S6uHtShAw==}
    engines: {node: '>= 10'}
    cpu: [arm64]
    os: [android]

  '@napi-rs/tar-darwin-arm64@1.1.0':
    resolution: {integrity: sha512-Zz2sXRzjIX4e532zD6xm2SjXEym6MkvfCvL2RMpG2+UwNVDVscHNcz3d47Pf3sysP2e2af7fBB3TIoK2f6trPw==}
    engines: {node: '>= 10'}
    cpu: [arm64]
    os: [darwin]

  '@napi-rs/tar-darwin-x64@1.1.0':
    resolution: {integrity: sha512-EI+CptIMNweT0ms9S3mkP/q+J6FNZ1Q6pvpJOEcWglRfyfQpLqjlC0O+dptruTPE8VamKYuqdjxfqD8hifZDOA==}
    engines: {node: '>= 10'}
    cpu: [x64]
    os: [darwin]

  '@napi-rs/tar-freebsd-x64@1.1.0':
    resolution: {integrity: sha512-J0PIqX+pl6lBIAckL/c87gpodLbjZB1OtIK+RDscKC9NLdpVv6VGOxzUV/fYev/hctcE8EfkLbgFOfpmVQPg2g==}
    engines: {node: '>= 10'}
    cpu: [x64]
    os: [freebsd]

  '@napi-rs/tar-linux-arm-gnueabihf@1.1.0':
    resolution: {integrity: sha512-SLgIQo3f3EjkZ82ZwvrEgFvMdDAhsxCYjyoSuWfHCz0U16qx3SuGCp8+FYOPYCECHN3ZlGjXnoAIt9ERd0dEUg==}
    engines: {node: '>= 10'}
    cpu: [arm]
    os: [linux]

  '@napi-rs/tar-linux-arm64-gnu@1.1.0':
    resolution: {integrity: sha512-d014cdle52EGaH6GpYTQOP9Py7glMO1zz/+ynJPjjzYFSxvdYx0byrjumZk2UQdIyGZiJO2MEFpCkEEKFSgPYA==}
    engines: {node: '>= 10'}
    cpu: [arm64]
    os: [linux]

  '@napi-rs/tar-linux-arm64-musl@1.1.0':
    resolution: {integrity: sha512-L/y1/26q9L/uBqiW/JdOb/Dc94egFvNALUZV2WCGKQXc6UByPBMgdiEyW2dtoYxYYYYc+AKD+jr+wQPcvX2vrQ==}
    engines: {node: '>= 10'}
    cpu: [arm64]
    os: [linux]

  '@napi-rs/tar-linux-ppc64-gnu@1.1.0':
    resolution: {integrity: sha512-EPE1K/80RQvPbLRJDJs1QmCIcH+7WRi0F73+oTe1582y9RtfGRuzAkzeBuAGRXAQEjRQw/RjtNqr6UTJ+8UuWQ==}
    engines: {node: '>= 10'}
    cpu: [ppc64]
    os: [linux]

  '@napi-rs/tar-linux-s390x-gnu@1.1.0':
    resolution: {integrity: sha512-B2jhWiB1ffw1nQBqLUP1h4+J1ovAxBOoe5N2IqDMOc63fsPZKNqF1PvO/dIem8z7LL4U4bsfmhy3gBfu547oNQ==}
    engines: {node: '>= 10'}
    cpu: [s390x]
    os: [linux]

  '@napi-rs/tar-linux-x64-gnu@1.1.0':
    resolution: {integrity: sha512-tbZDHnb9617lTnsDMGo/eAMZxnsQFnaRe+MszRqHguKfMwkisc9CCJnks/r1o84u5fECI+J/HOrKXgczq/3Oww==}
    engines: {node: '>= 10'}
    cpu: [x64]
    os: [linux]

  '@napi-rs/tar-linux-x64-musl@1.1.0':
    resolution: {integrity: sha512-dV6cODlzbO8u6Anmv2N/ilQHq/AWz0xyltuXoLU3yUyXbZcnWYZuB2rL8OBGPmqNcD+x9NdScBNXh7vWN0naSQ==}
    engines: {node: '>= 10'}
    cpu: [x64]
    os: [linux]

  '@napi-rs/tar-wasm32-wasi@1.1.0':
    resolution: {integrity: sha512-jIa9nb2HzOrfH0F8QQ9g3WE4aMH5vSI5/1NYVNm9ysCmNjCCtMXCAhlI3WKCdm/DwHf0zLqdrrtDFXODcNaqMw==}
    engines: {node: '>=14.0.0'}
    cpu: [wasm32]

  '@napi-rs/tar-win32-arm64-msvc@1.1.0':
    resolution: {integrity: sha512-vfpG71OB0ijtjemp3WTdmBKJm9R70KM8vsSExMsIQtV0lVzP07oM1CW6JbNRPXNLhRoue9ofYLiUDk8bE0Hckg==}
    engines: {node: '>= 10'}
    cpu: [arm64]
    os: [win32]

  '@napi-rs/tar-win32-ia32-msvc@1.1.0':
    resolution: {integrity: sha512-hGPyPW60YSpOSgzfy68DLBHgi6HxkAM+L59ZZZPMQ0TOXjQg+p2EW87+TjZfJOkSpbYiEkULwa/f4a2hcVjsqQ==}
    engines: {node: '>= 10'}
    cpu: [ia32]
    os: [win32]

  '@napi-rs/tar-win32-x64-msvc@1.1.0':
    resolution: {integrity: sha512-L6Ed1DxXK9YSCMyvpR8MiNAyKNkQLjsHsHK9E0qnHa8NzLFqzDKhvs5LfnWxM2kJ+F7m/e5n9zPm24kHb3LsVw==}
    engines: {node: '>= 10'}
    cpu: [x64]
    os: [win32]

  '@napi-rs/tar@1.1.0':
    resolution: {integrity: sha512-7cmzIu+Vbupriudo7UudoMRH2OA3cTw67vva8MxeoAe5S7vPFI7z0vp0pMXiA25S8IUJefImQ90FeJjl8fjEaQ==}
    engines: {node: '>= 10'}

  '@napi-rs/wasm-runtime@1.0.7':
    resolution: {integrity: sha512-SeDnOO0Tk7Okiq6DbXmmBODgOAb9dp9gjlphokTUxmt8U3liIP1ZsozBahH69j/RJv+Rfs6IwUKHTgQYJ/HBAw==}

  '@napi-rs/wasm-tools-android-arm-eabi@1.0.1':
    resolution: {integrity: sha512-lr07E/l571Gft5v4aA1dI8koJEmF1F0UigBbsqg9OWNzg80H3lDPO+auv85y3T/NHE3GirDk7x/D3sLO57vayw==}
    engines: {node: '>= 10'}
    cpu: [arm]
    os: [android]

  '@napi-rs/wasm-tools-android-arm64@1.0.1':
    resolution: {integrity: sha512-WDR7S+aRLV6LtBJAg5fmjKkTZIdrEnnQxgdsb7Cf8pYiMWBHLU+LC49OUVppQ2YSPY0+GeYm9yuZWW3kLjJ7Bg==}
    engines: {node: '>= 10'}
    cpu: [arm64]
    os: [android]

  '@napi-rs/wasm-tools-darwin-arm64@1.0.1':
    resolution: {integrity: sha512-qWTI+EEkiN0oIn/N2gQo7+TVYil+AJ20jjuzD2vATS6uIjVz+Updeqmszi7zq7rdFTLp6Ea3/z4kDKIfZwmR9g==}
    engines: {node: '>= 10'}
    cpu: [arm64]
    os: [darwin]

  '@napi-rs/wasm-tools-darwin-x64@1.0.1':
    resolution: {integrity: sha512-bA6hubqtHROR5UI3tToAF/c6TDmaAgF0SWgo4rADHtQ4wdn0JeogvOk50gs2TYVhKPE2ZD2+qqt7oBKB+sxW3A==}
    engines: {node: '>= 10'}
    cpu: [x64]
    os: [darwin]

  '@napi-rs/wasm-tools-freebsd-x64@1.0.1':
    resolution: {integrity: sha512-90+KLBkD9hZEjPQW1MDfwSt5J1L46EUKacpCZWyRuL6iIEO5CgWU0V/JnEgFsDOGyyYtiTvHc5bUdUTWd4I9Vg==}
    engines: {node: '>= 10'}
    cpu: [x64]
    os: [freebsd]

  '@napi-rs/wasm-tools-linux-arm64-gnu@1.0.1':
    resolution: {integrity: sha512-rG0QlS65x9K/u3HrKafDf8cFKj5wV2JHGfl8abWgKew0GVPyp6vfsDweOwHbWAjcHtp2LHi6JHoW80/MTHm52Q==}
    engines: {node: '>= 10'}
    cpu: [arm64]
    os: [linux]

  '@napi-rs/wasm-tools-linux-arm64-musl@1.0.1':
    resolution: {integrity: sha512-jAasbIvjZXCgX0TCuEFQr+4D6Lla/3AAVx2LmDuMjgG4xoIXzjKWl7c4chuaD+TI+prWT0X6LJcdzFT+ROKGHQ==}
    engines: {node: '>= 10'}
    cpu: [arm64]
    os: [linux]

  '@napi-rs/wasm-tools-linux-x64-gnu@1.0.1':
    resolution: {integrity: sha512-Plgk5rPqqK2nocBGajkMVbGm010Z7dnUgq0wtnYRZbzWWxwWcXfZMPa8EYxrK4eE8SzpI7VlZP1tdVsdjgGwMw==}
    engines: {node: '>= 10'}
    cpu: [x64]
    os: [linux]

  '@napi-rs/wasm-tools-linux-x64-musl@1.0.1':
    resolution: {integrity: sha512-GW7AzGuWxtQkyHknHWYFdR0CHmW6is8rG2Rf4V6GNmMpmwtXt/ItWYWtBe4zqJWycMNazpfZKSw/BpT7/MVCXQ==}
    engines: {node: '>= 10'}
    cpu: [x64]
    os: [linux]

  '@napi-rs/wasm-tools-wasm32-wasi@1.0.1':
    resolution: {integrity: sha512-/nQVSTrqSsn7YdAc2R7Ips/tnw5SPUcl3D7QrXCNGPqjbatIspnaexvaOYNyKMU6xPu+pc0BTnKVmqhlJJCPLA==}
    engines: {node: '>=14.0.0'}
    cpu: [wasm32]

  '@napi-rs/wasm-tools-win32-arm64-msvc@1.0.1':
    resolution: {integrity: sha512-PFi7oJIBu5w7Qzh3dwFea3sHRO3pojMsaEnUIy22QvsW+UJfNQwJCryVrpoUt8m4QyZXI+saEq/0r4GwdoHYFQ==}
    engines: {node: '>= 10'}
    cpu: [arm64]
    os: [win32]

  '@napi-rs/wasm-tools-win32-ia32-msvc@1.0.1':
    resolution: {integrity: sha512-gXkuYzxQsgkj05Zaq+KQTkHIN83dFAwMcTKa2aQcpYPRImFm2AQzEyLtpXmyCWzJ0F9ZYAOmbSyrNew8/us6bw==}
    engines: {node: '>= 10'}
    cpu: [ia32]
    os: [win32]

  '@napi-rs/wasm-tools-win32-x64-msvc@1.0.1':
    resolution: {integrity: sha512-rEAf05nol3e3eei2sRButmgXP+6ATgm0/38MKhz9Isne82T4rPIMYsCIFj0kOisaGeVwoi2fnm7O9oWp5YVnYQ==}
    engines: {node: '>= 10'}
    cpu: [x64]
    os: [win32]

  '@napi-rs/wasm-tools@1.0.1':
    resolution: {integrity: sha512-enkZYyuCdo+9jneCPE/0fjIta4wWnvVN9hBo2HuiMpRF0q3lzv1J6b/cl7i0mxZUKhBrV3aCKDBQnCOhwKbPmQ==}
    engines: {node: '>= 10'}

  '@octokit/auth-token@6.0.0':
    resolution: {integrity: sha512-P4YJBPdPSpWTQ1NU4XYdvHvXJJDxM6YwpS0FZHRgP7YFkdVxsWcpWGy/NVqlAA7PcPCnMacXlRm1y2PFZRWL/w==}
    engines: {node: '>= 20'}

  '@octokit/core@7.0.5':
    resolution: {integrity: sha512-t54CUOsFMappY1Jbzb7fetWeO0n6K0k/4+/ZpkS+3Joz8I4VcvY9OiEBFRYISqaI2fq5sCiPtAjRDOzVYG8m+Q==}
    engines: {node: '>= 20'}

  '@octokit/endpoint@11.0.1':
    resolution: {integrity: sha512-7P1dRAZxuWAOPI7kXfio88trNi/MegQ0IJD3vfgC3b+LZo1Qe6gRJc2v0mz2USWWJOKrB2h5spXCzGbw+fAdqA==}
    engines: {node: '>= 20'}

  '@octokit/graphql@9.0.2':
    resolution: {integrity: sha512-iz6KzZ7u95Fzy9Nt2L8cG88lGRMr/qy1Q36ih/XVzMIlPDMYwaNLE/ENhqmIzgPrlNWiYJkwmveEetvxAgFBJw==}
    engines: {node: '>= 20'}

  '@octokit/openapi-types@26.0.0':
    resolution: {integrity: sha512-7AtcfKtpo77j7Ts73b4OWhOZHTKo/gGY8bB3bNBQz4H+GRSWqx2yvj8TXRsbdTE0eRmYmXOEY66jM7mJ7LzfsA==}

  '@octokit/plugin-paginate-rest@13.2.1':
    resolution: {integrity: sha512-Tj4PkZyIL6eBMYcG/76QGsedF0+dWVeLhYprTmuFVVxzDW7PQh23tM0TP0z+1MvSkxB29YFZwnUX+cXfTiSdyw==}
    engines: {node: '>= 20'}
    peerDependencies:
      '@octokit/core': '>=6'

  '@octokit/plugin-request-log@6.0.0':
    resolution: {integrity: sha512-UkOzeEN3W91/eBq9sPZNQ7sUBvYCqYbrrD8gTbBuGtHEuycE4/awMXcYvx6sVYo7LypPhmQwwpUe4Yyu4QZN5Q==}
    engines: {node: '>= 20'}
    peerDependencies:
      '@octokit/core': '>=6'

  '@octokit/plugin-rest-endpoint-methods@16.1.1':
    resolution: {integrity: sha512-VztDkhM0ketQYSh5Im3IcKWFZl7VIrrsCaHbDINkdYeiiAsJzjhS2xRFCSJgfN6VOcsoW4laMtsmf3HcNqIimg==}
    engines: {node: '>= 20'}
    peerDependencies:
      '@octokit/core': '>=6'

  '@octokit/request-error@7.0.1':
    resolution: {integrity: sha512-CZpFwV4+1uBrxu7Cw8E5NCXDWFNf18MSY23TdxCBgjw1tXXHvTrZVsXlW8hgFTOLw8RQR1BBrMvYRtuyaijHMA==}
    engines: {node: '>= 20'}

  '@octokit/request@10.0.5':
    resolution: {integrity: sha512-TXnouHIYLtgDhKo+N6mXATnDBkV05VwbR0TtMWpgTHIoQdRQfCSzmy/LGqR1AbRMbijq/EckC/E3/ZNcU92NaQ==}
    engines: {node: '>= 20'}

  '@octokit/rest@22.0.0':
    resolution: {integrity: sha512-z6tmTu9BTnw51jYGulxrlernpsQYXpui1RK21vmXn8yF5bp6iX16yfTtJYGK5Mh1qDkvDOmp2n8sRMcQmR8jiA==}
    engines: {node: '>= 20'}

  '@octokit/types@15.0.1':
    resolution: {integrity: sha512-sdiirM93IYJ9ODDCBgmRPIboLbSkpLa5i+WLuXH8b8Atg+YMLAyLvDDhNWLV4OYd08tlvYfVm/dw88cqHWtw1Q==}

  '@tybys/wasm-util@0.10.1':
    resolution: {integrity: sha512-9tTaPJLSiejZKx+Bmog4uSubteqTvFrVrURwkmHixBo0G4seD0zUxp98E1DzUBJxLQ3NPwXrGKDiVjwx/DpPsg==}

  ansi-regex@5.0.1:
    resolution: {integrity: sha512-quJQXlTSUGL2LH9SUXo8VwsY4soanhgo6LNSm84E1LBcE8s3O0wpdiRzyR9z/ZZJMlMWv37qOOb9pdJlMUEKFQ==}
    engines: {node: '>=8'}

  ansi-styles@4.3.0:
    resolution: {integrity: sha512-zbB9rCJAT1rbjiVDb2hqKFHNYLxgtk8NURxZ3IZwD3F6NtxbXZQCnnSi1Lkx+IDohdPlFp222wVALIheZJQSEg==}
    engines: {node: '>=8'}

  argparse@2.0.1:
    resolution: {integrity: sha512-8+9WqebbFzpX9OR+Wa6O29asIogeRMzcGtAINdpMHHyAg10f05aSFVBbcEqGf/PXw1EjAZ+q2/bEBg3DvurK3Q==}

  before-after-hook@4.0.0:
    resolution: {integrity: sha512-q6tR3RPqIB1pMiTRMFcZwuG5T8vwp+vUvEG0vuI6B+Rikh5BfPp2fQ82c925FOs+b0lcFQ8CFrL+KbilfZFhOQ==}

  chardet@2.1.0:
    resolution: {integrity: sha512-bNFETTG/pM5ryzQ9Ad0lJOTa6HWD/YsScAR3EnCPZRPlQh77JocYktSHOUHelyhm8IARL+o4c4F1bP5KVOjiRA==}

  cli-width@4.1.0:
    resolution: {integrity: sha512-ouuZd4/dm2Sw5Gmqy6bGyNNNe1qt9RpmxveLSO7KcgsTnU7RXfsw+/bukWGo1abgBiMAic068rclZsO4IWmmxQ==}
    engines: {node: '>= 12'}

  clipanion@4.0.0-rc.4:
    resolution: {integrity: sha512-CXkMQxU6s9GklO/1f714dkKBMu1lopS1WFF0B8o4AxPykR1hpozxSiUZ5ZUeBjfPgCWqbcNOtZVFhB8Lkfp1+Q==}
    peerDependencies:
      typanion: '*'

  color-convert@2.0.1:
    resolution: {integrity: sha512-RRECPsj7iu/xb5oKYcsFHSppFNnsj/52OVTRKb4zP5onXwVF3zVmmToNcOfGC+CRDpfK/U584fMg38ZHCaElKQ==}
    engines: {node: '>=7.0.0'}

  color-name@1.1.4:
    resolution: {integrity: sha512-dOy+3AuW3a2wNbZHIuMZpTcgjGuLU/uBL/ubcZF9OXbDo8ff4O8yVp5Bf0efS8uEoYo5q4Fx7dY9OgQGXgAsQA==}

  colorette@2.0.20:
    resolution: {integrity: sha512-IfEDxwoWIjkeXL1eXcDiow4UbKjhLdq6/EuSVR9GMN7KVH3r9gQ83e73hsz1Nd1T3ijd5xv1wcWRYO+D6kCI2w==}

  debug@4.4.3:
    resolution: {integrity: sha512-RGwwWnwQvkVfavKVt22FGLw+xYSdzARwm0ru6DhTVA3umU5hZc28V3kO4stgYryrTlLpuvgI9GiijltAjNbcqA==}
    engines: {node: '>=6.0'}
    peerDependencies:
      supports-color: '*'
    peerDependenciesMeta:
      supports-color:
        optional: true

  emnapi@1.6.0:
    resolution: {integrity: sha512-Hx0FqhPchuwkDauQdgamWAn6MHbOX1CPIFfObXqxTEmngZUYM9mZLcPS/civeVT5x73xkBV1ZIwKWfessIFTgQ==}
    peerDependencies:
      node-addon-api: '>= 6.1.0'
    peerDependenciesMeta:
      node-addon-api:
        optional: true

  emoji-regex@8.0.0:
    resolution: {integrity: sha512-MSjYzcWNOA0ewAHpz0MxpYFvwg6yjy1NG3xteoqz644VCo/RPgnr1/GGt+ic3iJTzQ8Eu3TdM14SawnVUmGE6A==}

  es-toolkit@1.41.0:
    resolution: {integrity: sha512-bDd3oRmbVgqZCJS6WmeQieOrzpl3URcWBUVDXxOELlUW2FuW+0glPOz1n0KnRie+PdyvUZcXz2sOn00c6pPRIA==}

  fast-content-type-parse@3.0.0:
    resolution: {integrity: sha512-ZvLdcY8P+N8mGQJahJV5G4U88CSvT1rP8ApL6uETe88MBXrBHAkZlSEySdUlyztF7ccb+Znos3TFqaepHxdhBg==}

  iconv-lite@0.7.0:
    resolution: {integrity: sha512-cf6L2Ds3h57VVmkZe+Pn+5APsT7FpqJtEhhieDCvrE2MK5Qk9MyffgQyuxQTm6BChfeZNtcOLHp9IcWRVcIcBQ==}
    engines: {node: '>=0.10.0'}

  is-fullwidth-code-point@3.0.0:
    resolution: {integrity: sha512-zymm5+u+sCsSWyD9qNaejV3DFvhCKclKdizYaJUuHA83RLjb7nSuGnddCHGv0hk+KY7BMAlsWeK4Ueg6EV6XQg==}
    engines: {node: '>=8'}

  js-yaml@4.1.0:
    resolution: {integrity: sha512-wpxZs9NoxZaJESJGIZTyDEaYpl0FKSA+FB9aJiyemKhMwkxQg63h4T1KJgUGHpTqPDNRcmmYLugrRjJlBtWvRA==}
    hasBin: true

  ms@2.1.3:
    resolution: {integrity: sha512-6FlzubTLZG3J2a/NVCAleEhjzq5oxgHyaCU9yYXvcLsvoVaHJq/s5xXI6/XXP6tz7R9xAOtHnSO/tXtF3WRTlA==}

  mute-stream@2.0.0:
    resolution: {integrity: sha512-WWdIxpyjEn+FhQJQQv9aQAYlHoNVdzIzUySNV1gHUPDSdZJ3yZn7pAAbQcV7B56Mvu881q9FZV+0Vx2xC44VWA==}
    engines: {node: ^18.17.0 || >=20.5.0}

  safer-buffer@2.1.2:
    resolution: {integrity: sha512-YZo3K82SD7Riyi0E1EQPojLz7kpepnSQI9IyPbHHg1XXXevb5dJI7tpyN2ADxGcQbHG7vcyRHk0cbwqcQriUtg==}

  semver@7.7.3:
    resolution: {integrity: sha512-SdsKMrI9TdgjdweUSR9MweHA4EJ8YxHn8DFaDisvhVlUOe4BF1tLD7GAj0lIqWVl+dPb/rExr0Btby5loQm20Q==}
    engines: {node: '>=10'}
    hasBin: true

  signal-exit@4.1.0:
    resolution: {integrity: sha512-bzyZ1e88w9O1iNJbKnOlvYTrWPDl46O1bG0D3XInv+9tkPrxrN8jUUTiFlDkkmKWgn1M6CfIA13SuGqOa9Korw==}
    engines: {node: '>=14'}

  string-width@4.2.3:
    resolution: {integrity: sha512-wKyQRQpjJ0sIp62ErSZdGsjMJWsap5oRNihHhu6G7JVO/9jIB6UyevL+tXuOqrng8j/cxKTWyWUwvSTriiZz/g==}
    engines: {node: '>=8'}

  strip-ansi@6.0.1:
    resolution: {integrity: sha512-Y38VPSHcqkFrCpFnQ9vuSXmquuv5oXOKpGeT6aGrr3o3Gc9AlVa6JBfUSOCnbxGGZF+/0ooI7KrPuUSztUdU5A==}
    engines: {node: '>=8'}

  tslib@2.8.1:
    resolution: {integrity: sha512-oJFu94HQb+KVduSUQL7wnpmqnfmLsOA/nAh6b6EH0wCEoK0/mPeXU6c3wKDV83MkOuHPRHtSXKKU99IBazS/2w==}

  typanion@3.14.0:
    resolution: {integrity: sha512-ZW/lVMRabETuYCd9O9ZvMhAh8GslSqaUjxmK/JLPCh6l73CvLBiuXswj/+7LdnWOgYsQ130FqLzFz5aGT4I3Ug==}

  universal-user-agent@7.0.3:
    resolution: {integrity: sha512-TmnEAEAsBJVZM/AADELsK76llnwcf9vMKuPz8JflO1frO8Lchitr0fNaN9d+Ap0BjKtqWqd/J17qeDnXh8CL2A==}

  wrap-ansi@6.2.0:
    resolution: {integrity: sha512-r6lPcBGxZXlIcymEu7InxDMhdW0KDxpLgoFLcguasxCaJ/SOIZwINatK9KY/tf+ZrlywOKU0UDj3ATXUBfxJXA==}
    engines: {node: '>=8'}

  yoctocolors-cjs@2.1.3:
    resolution: {integrity: sha512-U/PBtDf35ff0D8X8D0jfdzHYEPFxAI7jJlxZXwCSez5M3190m+QobIfh+sWDWSHMCWWJN2AWamkegn6vr6YBTw==}
    engines: {node: '>=18'}

snapshots:

  '@emnapi/core@1.6.0':
    dependencies:
      '@emnapi/wasi-threads': 1.1.0
      tslib: 2.8.1
    optional: true

  '@emnapi/runtime@1.6.0':
    dependencies:
      tslib: 2.8.1
    optional: true

  '@emnapi/wasi-threads@1.1.0':
    dependencies:
      tslib: 2.8.1
    optional: true

  '@inquirer/ansi@1.0.1': {}

  '@inquirer/checkbox@4.3.0':
    dependencies:
      '@inquirer/ansi': 1.0.1
      '@inquirer/core': 10.3.0
      '@inquirer/figures': 1.0.14
      '@inquirer/type': 3.0.9
      yoctocolors-cjs: 2.1.3

  '@inquirer/confirm@5.1.19':
    dependencies:
      '@inquirer/core': 10.3.0
      '@inquirer/type': 3.0.9

  '@inquirer/core@10.3.0':
    dependencies:
      '@inquirer/ansi': 1.0.1
      '@inquirer/figures': 1.0.14
      '@inquirer/type': 3.0.9
      cli-width: 4.1.0
      mute-stream: 2.0.0
      signal-exit: 4.1.0
      wrap-ansi: 6.2.0
      yoctocolors-cjs: 2.1.3

  '@inquirer/editor@4.2.21':
    dependencies:
      '@inquirer/core': 10.3.0
      '@inquirer/external-editor': 1.0.2
      '@inquirer/type': 3.0.9

  '@inquirer/expand@4.0.21':
    dependencies:
      '@inquirer/core': 10.3.0
      '@inquirer/type': 3.0.9
      yoctocolors-cjs: 2.1.3

  '@inquirer/external-editor@1.0.2':
    dependencies:
      chardet: 2.1.0
      iconv-lite: 0.7.0

  '@inquirer/figures@1.0.14': {}

  '@inquirer/input@4.2.5':
    dependencies:
      '@inquirer/core': 10.3.0
      '@inquirer/type': 3.0.9

  '@inquirer/number@3.0.21':
    dependencies:
      '@inquirer/core': 10.3.0
      '@inquirer/type': 3.0.9

  '@inquirer/password@4.0.21':
    dependencies:
      '@inquirer/ansi': 1.0.1
      '@inquirer/core': 10.3.0
      '@inquirer/type': 3.0.9

  '@inquirer/prompts@7.9.0':
    dependencies:
      '@inquirer/checkbox': 4.3.0
      '@inquirer/confirm': 5.1.19
      '@inquirer/editor': 4.2.21
      '@inquirer/expand': 4.0.21
      '@inquirer/input': 4.2.5
      '@inquirer/number': 3.0.21
      '@inquirer/password': 4.0.21
      '@inquirer/rawlist': 4.1.9
      '@inquirer/search': 3.2.0
      '@inquirer/select': 4.4.0

  '@inquirer/rawlist@4.1.9':
    dependencies:
      '@inquirer/core': 10.3.0
      '@inquirer/type': 3.0.9
      yoctocolors-cjs: 2.1.3

  '@inquirer/search@3.2.0':
    dependencies:
      '@inquirer/core': 10.3.0
      '@inquirer/figures': 1.0.14
      '@inquirer/type': 3.0.9
      yoctocolors-cjs: 2.1.3

  '@inquirer/select@4.4.0':
    dependencies:
      '@inquirer/ansi': 1.0.1
      '@inquirer/core': 10.3.0
      '@inquirer/figures': 1.0.14
      '@inquirer/type': 3.0.9
      yoctocolors-cjs: 2.1.3

  '@inquirer/type@3.0.9': {}

  '@napi-rs/cli@3.4.1(@emnapi/runtime@1.6.0)':
    dependencies:
      '@inquirer/prompts': 7.9.0
      '@napi-rs/cross-toolchain': 1.0.3
      '@napi-rs/wasm-tools': 1.0.1
      '@octokit/rest': 22.0.0
      clipanion: 4.0.0-rc.4(typanion@3.14.0)
      colorette: 2.0.20
      debug: 4.4.3
      emnapi: 1.6.0
      es-toolkit: 1.41.0
      js-yaml: 4.1.0
      semver: 7.7.3
      typanion: 3.14.0
    optionalDependencies:
      '@emnapi/runtime': 1.6.0
    transitivePeerDependencies:
      - '@napi-rs/cross-toolchain-arm64-target-aarch64'
      - '@napi-rs/cross-toolchain-arm64-target-armv7'
      - '@napi-rs/cross-toolchain-arm64-target-ppc64le'
      - '@napi-rs/cross-toolchain-arm64-target-s390x'
      - '@napi-rs/cross-toolchain-arm64-target-x86_64'
      - '@napi-rs/cross-toolchain-x64-target-aarch64'
      - '@napi-rs/cross-toolchain-x64-target-armv7'
      - '@napi-rs/cross-toolchain-x64-target-ppc64le'
      - '@napi-rs/cross-toolchain-x64-target-s390x'
      - '@napi-rs/cross-toolchain-x64-target-x86_64'
      - '@types/node'
      - node-addon-api
      - supports-color

  '@napi-rs/cross-toolchain@1.0.3':
    dependencies:
      '@napi-rs/lzma': 1.4.5
      '@napi-rs/tar': 1.1.0
      debug: 4.4.3
    transitivePeerDependencies:
      - supports-color

  '@napi-rs/lzma-android-arm-eabi@1.4.5':
    optional: true

  '@napi-rs/lzma-android-arm64@1.4.5':
    optional: true

  '@napi-rs/lzma-darwin-arm64@1.4.5':
    optional: true

  '@napi-rs/lzma-darwin-x64@1.4.5':
    optional: true

  '@napi-rs/lzma-freebsd-x64@1.4.5':
    optional: true

  '@napi-rs/lzma-linux-arm-gnueabihf@1.4.5':
    optional: true

  '@napi-rs/lzma-linux-arm64-gnu@1.4.5':
    optional: true

  '@napi-rs/lzma-linux-arm64-musl@1.4.5':
    optional: true

  '@napi-rs/lzma-linux-ppc64-gnu@1.4.5':
    optional: true

  '@napi-rs/lzma-linux-riscv64-gnu@1.4.5':
    optional: true

  '@napi-rs/lzma-linux-s390x-gnu@1.4.5':
    optional: true

  '@napi-rs/lzma-linux-x64-gnu@1.4.5':
    optional: true

  '@napi-rs/lzma-linux-x64-musl@1.4.5':
    optional: true

  '@napi-rs/lzma-wasm32-wasi@1.4.5':
    dependencies:
      '@napi-rs/wasm-runtime': 1.0.7
    optional: true

  '@napi-rs/lzma-win32-arm64-msvc@1.4.5':
    optional: true

  '@napi-rs/lzma-win32-ia32-msvc@1.4.5':
    optional: true

  '@napi-rs/lzma-win32-x64-msvc@1.4.5':
    optional: true

  '@napi-rs/lzma@1.4.5':
    optionalDependencies:
      '@napi-rs/lzma-android-arm-eabi': 1.4.5
      '@napi-rs/lzma-android-arm64': 1.4.5
      '@napi-rs/lzma-darwin-arm64': 1.4.5
      '@napi-rs/lzma-darwin-x64': 1.4.5
      '@napi-rs/lzma-freebsd-x64': 1.4.5
      '@napi-rs/lzma-linux-arm-gnueabihf': 1.4.5
      '@napi-rs/lzma-linux-arm64-gnu': 1.4.5
      '@napi-rs/lzma-linux-arm64-musl': 1.4.5
      '@napi-rs/lzma-linux-ppc64-gnu': 1.4.5
      '@napi-rs/lzma-linux-riscv64-gnu': 1.4.5
      '@napi-rs/lzma-linux-s390x-gnu': 1.4.5
      '@napi-rs/lzma-linux-x64-gnu': 1.4.5
      '@napi-rs/lzma-linux-x64-musl': 1.4.5
      '@napi-rs/lzma-wasm32-wasi': 1.4.5
      '@napi-rs/lzma-win32-arm64-msvc': 1.4.5
      '@napi-rs/lzma-win32-ia32-msvc': 1.4.5
      '@napi-rs/lzma-win32-x64-msvc': 1.4.5

  '@napi-rs/tar-android-arm-eabi@1.1.0':
    optional: true

  '@napi-rs/tar-android-arm64@1.1.0':
    optional: true

  '@napi-rs/tar-darwin-arm64@1.1.0':
    optional: true

  '@napi-rs/tar-darwin-x64@1.1.0':
    optional: true

  '@napi-rs/tar-freebsd-x64@1.1.0':
    optional: true

  '@napi-rs/tar-linux-arm-gnueabihf@1.1.0':
    optional: true

  '@napi-rs/tar-linux-arm64-gnu@1.1.0':
    optional: true

  '@napi-rs/tar-linux-arm64-musl@1.1.0':
    optional: true

  '@napi-rs/tar-linux-ppc64-gnu@1.1.0':
    optional: true

  '@napi-rs/tar-linux-s390x-gnu@1.1.0':
    optional: true

  '@napi-rs/tar-linux-x64-gnu@1.1.0':
    optional: true

  '@napi-rs/tar-linux-x64-musl@1.1.0':
    optional: true

  '@napi-rs/tar-wasm32-wasi@1.1.0':
    dependencies:
      '@napi-rs/wasm-runtime': 1.0.7
    optional: true

  '@napi-rs/tar-win32-arm64-msvc@1.1.0':
    optional: true

  '@napi-rs/tar-win32-ia32-msvc@1.1.0':
    optional: true

  '@napi-rs/tar-win32-x64-msvc@1.1.0':
    optional: true

  '@napi-rs/tar@1.1.0':
    optionalDependencies:
      '@napi-rs/tar-android-arm-eabi': 1.1.0
      '@napi-rs/tar-android-arm64': 1.1.0
      '@napi-rs/tar-darwin-arm64': 1.1.0
      '@napi-rs/tar-darwin-x64': 1.1.0
      '@napi-rs/tar-freebsd-x64': 1.1.0
      '@napi-rs/tar-linux-arm-gnueabihf': 1.1.0
      '@napi-rs/tar-linux-arm64-gnu': 1.1.0
      '@napi-rs/tar-linux-arm64-musl': 1.1.0
      '@napi-rs/tar-linux-ppc64-gnu': 1.1.0
      '@napi-rs/tar-linux-s390x-gnu': 1.1.0
      '@napi-rs/tar-linux-x64-gnu': 1.1.0
      '@napi-rs/tar-linux-x64-musl': 1.1.0
      '@napi-rs/tar-wasm32-wasi': 1.1.0
      '@napi-rs/tar-win32-arm64-msvc': 1.1.0
      '@napi-rs/tar-win32-ia32-msvc': 1.1.0
      '@napi-rs/tar-win32-x64-msvc': 1.1.0

  '@napi-rs/wasm-runtime@1.0.7':
    dependencies:
      '@emnapi/core': 1.6.0
      '@emnapi/runtime': 1.6.0
      '@tybys/wasm-util': 0.10.1
    optional: true

  '@napi-rs/wasm-tools-android-arm-eabi@1.0.1':
    optional: true

  '@napi-rs/wasm-tools-android-arm64@1.0.1':
    optional: true

  '@napi-rs/wasm-tools-darwin-arm64@1.0.1':
    optional: true

  '@napi-rs/wasm-tools-darwin-x64@1.0.1':
    optional: true

  '@napi-rs/wasm-tools-freebsd-x64@1.0.1':
    optional: true

  '@napi-rs/wasm-tools-linux-arm64-gnu@1.0.1':
    optional: true

  '@napi-rs/wasm-tools-linux-arm64-musl@1.0.1':
    optional: true

  '@napi-rs/wasm-tools-linux-x64-gnu@1.0.1':
    optional: true

  '@napi-rs/wasm-tools-linux-x64-musl@1.0.1':
    optional: true

  '@napi-rs/wasm-tools-wasm32-wasi@1.0.1':
    dependencies:
      '@napi-rs/wasm-runtime': 1.0.7
    optional: true

  '@napi-rs/wasm-tools-win32-arm64-msvc@1.0.1':
    optional: true

  '@napi-rs/wasm-tools-win32-ia32-msvc@1.0.1':
    optional: true

  '@napi-rs/wasm-tools-win32-x64-msvc@1.0.1':
    optional: true

  '@napi-rs/wasm-tools@1.0.1':
    optionalDependencies:
      '@napi-rs/wasm-tools-android-arm-eabi': 1.0.1
      '@napi-rs/wasm-tools-android-arm64': 1.0.1
      '@napi-rs/wasm-tools-darwin-arm64': 1.0.1
      '@napi-rs/wasm-tools-darwin-x64': 1.0.1
      '@napi-rs/wasm-tools-freebsd-x64': 1.0.1
      '@napi-rs/wasm-tools-linux-arm64-gnu': 1.0.1
      '@napi-rs/wasm-tools-linux-arm64-musl': 1.0.1
      '@napi-rs/wasm-tools-linux-x64-gnu': 1.0.1
      '@napi-rs/wasm-tools-linux-x64-musl': 1.0.1
      '@napi-rs/wasm-tools-wasm32-wasi': 1.0.1
      '@napi-rs/wasm-tools-win32-arm64-msvc': 1.0.1
      '@napi-rs/wasm-tools-win32-ia32-msvc': 1.0.1
      '@napi-rs/wasm-tools-win32-x64-msvc': 1.0.1

  '@octokit/auth-token@6.0.0': {}

  '@octokit/core@7.0.5':
    dependencies:
      '@octokit/auth-token': 6.0.0
      '@octokit/graphql': 9.0.2
      '@octokit/request': 10.0.5
      '@octokit/request-error': 7.0.1
      '@octokit/types': 15.0.1
      before-after-hook: 4.0.0
      universal-user-agent: 7.0.3

  '@octokit/endpoint@11.0.1':
    dependencies:
      '@octokit/types': 15.0.1
      universal-user-agent: 7.0.3

  '@octokit/graphql@9.0.2':
    dependencies:
      '@octokit/request': 10.0.5
      '@octokit/types': 15.0.1
      universal-user-agent: 7.0.3

  '@octokit/openapi-types@26.0.0': {}

  '@octokit/plugin-paginate-rest@13.2.1(@octokit/core@7.0.5)':
    dependencies:
      '@octokit/core': 7.0.5
      '@octokit/types': 15.0.1

  '@octokit/plugin-request-log@6.0.0(@octokit/core@7.0.5)':
    dependencies:
      '@octokit/core': 7.0.5

  '@octokit/plugin-rest-endpoint-methods@16.1.1(@octokit/core@7.0.5)':
    dependencies:
      '@octokit/core': 7.0.5
      '@octokit/types': 15.0.1

  '@octokit/request-error@7.0.1':
    dependencies:
      '@octokit/types': 15.0.1

  '@octokit/request@10.0.5':
    dependencies:
      '@octokit/endpoint': 11.0.1
      '@octokit/request-error': 7.0.1
      '@octokit/types': 15.0.1
      fast-content-type-parse: 3.0.0
      universal-user-agent: 7.0.3

  '@octokit/rest@22.0.0':
    dependencies:
      '@octokit/core': 7.0.5
      '@octokit/plugin-paginate-rest': 13.2.1(@octokit/core@7.0.5)
      '@octokit/plugin-request-log': 6.0.0(@octokit/core@7.0.5)
      '@octokit/plugin-rest-endpoint-methods': 16.1.1(@octokit/core@7.0.5)

  '@octokit/types@15.0.1':
    dependencies:
      '@octokit/openapi-types': 26.0.0

  '@tybys/wasm-util@0.10.1':
    dependencies:
      tslib: 2.8.1
    optional: true

  ansi-regex@5.0.1: {}

  ansi-styles@4.3.0:
    dependencies:
      color-convert: 2.0.1

  argparse@2.0.1: {}

  before-after-hook@4.0.0: {}

  chardet@2.1.0: {}

  cli-width@4.1.0: {}

  clipanion@4.0.0-rc.4(typanion@3.14.0):
    dependencies:
      typanion: 3.14.0

  color-convert@2.0.1:
    dependencies:
      color-name: 1.1.4

  color-name@1.1.4: {}

  colorette@2.0.20: {}

  debug@4.4.3:
    dependencies:
      ms: 2.1.3

  emnapi@1.6.0: {}

  emoji-regex@8.0.0: {}

  es-toolkit@1.41.0: {}

  fast-content-type-parse@3.0.0: {}

  iconv-lite@0.7.0:
    dependencies:
      safer-buffer: 2.1.2

  is-fullwidth-code-point@3.0.0: {}

  js-yaml@4.1.0:
    dependencies:
      argparse: 2.0.1

  ms@2.1.3: {}

  mute-stream@2.0.0: {}

  safer-buffer@2.1.2: {}

  semver@7.7.3: {}

  signal-exit@4.1.0: {}

  string-width@4.2.3:
    dependencies:
      emoji-regex: 8.0.0
      is-fullwidth-code-point: 3.0.0
      strip-ansi: 6.0.1

  strip-ansi@6.0.1:
    dependencies:
      ansi-regex: 5.0.1

  tslib@2.8.1:
    optional: true

  typanion@3.14.0: {}

  universal-user-agent@7.0.3: {}

  wrap-ansi@6.2.0:
    dependencies:
      ansi-styles: 4.3.0
      string-width: 4.2.3
      strip-ansi: 6.0.1

  yoctocolors-cjs@2.1.3: {}
